
Microsoft Visual Studio Solution File, Format Version 12.00
# Visual Studio 15
VisualStudioVersion = 15.0.26403.3
MinimumVisualStudioVersion = 10.0.40219.1
Project("{9A19103F-16F7-4668-BE54-9A1E7A4F7556}") = "TryCatch", "TryCatch\TryCatch.csproj", "{F273AD57-9DCA-45E3-A53C-5B8C869EA0DC}"
EndProject
Project("{9A19103F-16F7-4668-BE54-9A1E7A4F7556}") = "Rethrow", "Rethrow\Rethrow.csproj", "{85A9710D-0CED-40C0-B71B-DBFAD7EA8A33}"
EndProject
Project("{9A19103F-16F7-4668-BE54-9A1E7A4F7556}") = "CustomException", "CustomException\CustomException.csproj", "{FC9E852C-0242-4D22-8A70-01C83E5CC3CC}"
EndProject
Project("{9A19103F-16F7-4668-BE54-9A1E7A4F7556}") = "InnerException", "InnerException\InnerException.csproj", "{5E764462-2FA2-486C-B435-9B2998555FB9}"
EndProject
Project("{9A19103F-16F7-4668-BE54-9A1E7A4F7556}") = "Barikade", "Barikade\Barikade.csproj", "{B343A8DE-0D6E-4AA2-A0D3-3AB44ED2FF33}"
EndProject
Project("{9A19103F-16F7-4668-BE54-9A1E7A4F7556}") = "Debug", "Debug\Debug.csproj", "{DCBA2ECC-6AFF-49B1-B5C3-995FBE8D0D73}"
EndProject
Project("{9A19103F-16F7-4668-BE54-9A1E7A4F7556}") = "Using", "Using\Using.csproj", "{651849D3-A211-49F6-8262-D55F5B25EE26}"
EndProject
Global
	GlobalSection(SolutionConfigurationPlatforms) = preSolution
		Debug|Any CPU = Debug|Any CPU
		Release|Any CPU = Release|Any CPU
	EndGlobalSection
	GlobalSection(ProjectConfigurationPlatforms) = postSolution
		{F273AD57-9DCA-45E3-A53C-5B8C869EA0DC}.Debug|Any CPU.ActiveCfg = Debug|Any CPU
		{F273AD57-9DCA-45E3-A53C-5B8C869EA0DC}.Debug|Any CPU.Build.0 = Debug|Any CPU
		{F273AD57-9DCA-45E3-A53C-5B8C869EA0DC}.Release|Any CPU.ActiveCfg = Release|Any CPU
		{F273AD57-9DCA-45E3-A53C-5B8C869EA0DC}.Release|Any CPU.Build.0 = Release|Any CPU
		{85A9710D-0CED-40C0-B71B-DBFAD7EA8A33}.Debug|Any CPU.ActiveCfg = Debug|Any CPU
		{85A9710D-0CED-40C0-B71B-DBFAD7EA8A33}.Debug|Any CPU.Build.0 = Debug|Any CPU
		{85A9710D-0CED-40C0-B71B-DBFAD7EA8A33}.Release|Any CPU.ActiveCfg = Release|Any CPU
		{85A9710D-0CED-40C0-B71B-DBFAD7EA8A33}.Release|Any CPU.Build.0 = Release|Any CPU
		{FC9E852C-0242-4D22-8A70-01C83E5CC3CC}.Debug|Any CPU.ActiveCfg = Debug|Any CPU
		{FC9E852C-0242-4D22-8A70-01C83E5CC3CC}.Debug|Any CPU.Build.0 = Debug|Any CPU
		{FC9E852C-0242-4D22-8A70-01C83E5CC3CC}.Release|Any CPU.ActiveCfg = Release|Any CPU
		{FC9E852C-0242-4D22-8A70-01C83E5CC3CC}.Release|Any CPU.Build.0 = Release|Any CPU
		{5E764462-2FA2-486C-B435-9B2998555FB9}.Debug|Any CPU.ActiveCfg = Debug|Any CPU
		{5E764462-2FA2-486C-B435-9B2998555FB9}.Debug|Any CPU.Build.0 = Debug|Any CPU
		{5E764462-2FA2-486C-B435-9B2998555FB9}.Release|Any CPU.ActiveCfg = Release|Any CPU
		{5E764462-2FA2-486C-B435-9B2998555FB9}.Release|Any CPU.Build.0 = Release|Any CPU
		{B343A8DE-0D6E-4AA2-A0D3-3AB44ED2FF33}.Debug|Any CPU.ActiveCfg = Debug|Any CPU
		{B343A8DE-0D6E-4AA2-A0D3-3AB44ED2FF33}.Debug|Any CPU.Build.0 = Debug|Any CPU
		{B343A8DE-0D6E-4AA2-A0D3-3AB44ED2FF33}.Release|Any CPU.ActiveCfg = Release|Any CPU
		{B343A8DE-0D6E-4AA2-A0D3-3AB44ED2FF33}.Release|Any CPU.Build.0 = Release|Any CPU
		{DCBA2ECC-6AFF-49B1-B5C3-995FBE8D0D73}.Debug|Any CPU.ActiveCfg = Debug|Any CPU
		{DCBA2ECC-6AFF-49B1-B5C3-995FBE8D0D73}.Debug|Any CPU.Build.0 = Debug|Any CPU
		{DCBA2ECC-6AFF-49B1-B5C3-995FBE8D0D73}.Release|Any CPU.ActiveCfg = Release|Any CPU
		{DCBA2ECC-6AFF-49B1-B5C3-995FBE8D0D73}.Release|Any CPU.Build.0 = Release|Any CPU
		{651849D3-A211-49F6-8262-D55F5B25EE26}.Debug|Any CPU.ActiveCfg = Debug|Any CPU
		{651849D3-A211-49F6-8262-D55F5B25EE26}.Debug|Any CPU.Build.0 = Debug|Any CPU
		{651849D3-A211-49F6-8262-D55F5B25EE26}.Release|Any CPU.ActiveCfg = Release|Any CPU
		{651849D3-A211-49F6-8262-D55F5B25EE26}.Release|Any CPU.Build.0 = Release|Any CPU
	EndGlobalSection
	GlobalSection(SolutionProperties) = preSolution
		HideSolutionNode = FALSE
	EndGlobalSection
EndGlobal
